
Microsoft Visual Studio Solution File, Format Version 12.00
# Visual Studio Version 17
VisualStudioVersion = 17.8.34330.188
MinimumVisualStudioVersion = 10.0.40219.1
Project("{2150E333-8FDC-42A3-9474-1A3956D46DE8}") = "Lesson1", "Lesson1", "{A710521F-E030-4BAA-B7BA-F4170B865056}"
EndProject
Project("{9A19103F-16F7-4668-BE54-9A1E7A4F7556}") = "ConsoleApp1", "Lesson1\ConsoleApp1\ConsoleApp1.csproj", "{6A95F73B-7AF6-495C-851C-525C318FB388}"
EndProject
Project("{2150E333-8FDC-42A3-9474-1A3956D46DE8}") = "Lesson12+13", "Lesson12+13", "{14808E57-8C04-41EB-BDC5-CEBBB02B951B}"
	ProjectSection(SolutionItems) = preProject
		Lesson12\data.xlsm = Lesson12\data.xlsm
		Lesson12\kieu-du-lieu.pptx = Lesson12\kieu-du-lieu.pptx
	EndProjectSection
EndProject
Project("{2150E333-8FDC-42A3-9474-1A3956D46DE8}") = "Lesson14", "Lesson14", "{F51F9DF0-682A-4A1C-B5FF-26A30B7324FA}"
EndProject
Project("{9A19103F-16F7-4668-BE54-9A1E7A4F7556}") = "LearnEFCore", "Lesson14\LearnEFCore\LearnEFCore.csproj", "{C712929D-F977-4181-A538-45AD73FE8389}"
EndProject
Project("{2150E333-8FDC-42A3-9474-1A3956D46DE8}") = "Lesson16", "Lesson16", "{AED8AB95-9A67-4290-BA68-81E0A2E202AA}"
EndProject
Project("{FAE04EC0-301F-11D3-BF4B-00C04F79EFBC}") = "FirstDemo", "Lesson16\FirstDemo\FirstDemo.csproj", "{6ADE72B7-87E9-413C-AFCB-AC206CC66F60}"
EndProject
Global
	GlobalSection(SolutionConfigurationPlatforms) = preSolution
		Debug|Any CPU = Debug|Any CPU
		Release|Any CPU = Release|Any CPU
	EndGlobalSection
	GlobalSection(ProjectConfigurationPlatforms) = postSolution
		{6A95F73B-7AF6-495C-851C-525C318FB388}.Debug|Any CPU.ActiveCfg = Debug|Any CPU
		{6A95F73B-7AF6-495C-851C-525C318FB388}.Debug|Any CPU.Build.0 = Debug|Any CPU
		{6A95F73B-7AF6-495C-851C-525C318FB388}.Release|Any CPU.ActiveCfg = Release|Any CPU
		{6A95F73B-7AF6-495C-851C-525C318FB388}.Release|Any CPU.Build.0 = Release|Any CPU
		{C712929D-F977-4181-A538-45AD73FE8389}.Debug|Any CPU.ActiveCfg = Debug|Any CPU
		{C712929D-F977-4181-A538-45AD73FE8389}.Debug|Any CPU.Build.0 = Debug|Any CPU
		{C712929D-F977-4181-A538-45AD73FE8389}.Release|Any CPU.ActiveCfg = Release|Any CPU
		{C712929D-F977-4181-A538-45AD73FE8389}.Release|Any CPU.Build.0 = Release|Any CPU
		{6ADE72B7-87E9-413C-AFCB-AC206CC66F60}.Debug|Any CPU.ActiveCfg = Debug|Any CPU
		{6ADE72B7-87E9-413C-AFCB-AC206CC66F60}.Debug|Any CPU.Build.0 = Debug|Any CPU
		{6ADE72B7-87E9-413C-AFCB-AC206CC66F60}.Release|Any CPU.ActiveCfg = Release|Any CPU
		{6ADE72B7-87E9-413C-AFCB-AC206CC66F60}.Release|Any CPU.Build.0 = Release|Any CPU
	EndGlobalSection
	GlobalSection(SolutionProperties) = preSolution
		HideSolutionNode = FALSE
	EndGlobalSection
	GlobalSection(NestedProjects) = preSolution
		{6A95F73B-7AF6-495C-851C-525C318FB388} = {A710521F-E030-4BAA-B7BA-F4170B865056}
		{C712929D-F977-4181-A538-45AD73FE8389} = {F51F9DF0-682A-4A1C-B5FF-26A30B7324FA}
		{6ADE72B7-87E9-413C-AFCB-AC206CC66F60} = {AED8AB95-9A67-4290-BA68-81E0A2E202AA}
	EndGlobalSection
	GlobalSection(ExtensibilityGlobals) = postSolution
		SolutionGuid = {30DAD012-98F7-414E-98AB-9C12308E268D}
	EndGlobalSection
EndGlobal
