
Microsoft Visual Studio Solution File, Format Version 12.00
# Visual Studio Version 17
VisualStudioVersion = 17.8.34330.188
MinimumVisualStudioVersion = 10.0.40219.1
Project("{2150E333-8FDC-42A3-9474-1A3956D46DE8}") = "Lesson1", "Lesson1", "{A710521F-E030-4BAA-B7BA-F4170B865056}"
EndProject
Project("{9A19103F-16F7-4668-BE54-9A1E7A4F7556}") = "ConsoleApp1", "Lesson1\ConsoleApp1\ConsoleApp1.csproj", "{6A95F73B-7AF6-495C-851C-525C318FB388}"
EndProject
Project("{2150E333-8FDC-42A3-9474-1A3956D46DE8}") = "Lesson6", "Lesson6", "{FC920B14-FF5D-43CD-A76C-1C176FB07529}"
EndProject
Project("{FAE04EC0-301F-11D3-BF4B-00C04F79EFBC}") = "LearnArray", "LearnArray\LearnArray.csproj", "{655B7747-E6B3-4E9B-B93C-7794A5F82468}"
EndProject
Project("{FAE04EC0-301F-11D3-BF4B-00C04F79EFBC}") = "LearnList", "LearnList\LearnList.csproj", "{1A078ACD-6485-4C60-8443-1B139B7A13EB}"
EndProject
Global
	GlobalSection(SolutionConfigurationPlatforms) = preSolution
		Debug|Any CPU = Debug|Any CPU
		Release|Any CPU = Release|Any CPU
	EndGlobalSection
	GlobalSection(ProjectConfigurationPlatforms) = postSolution
		{6A95F73B-7AF6-495C-851C-525C318FB388}.Debug|Any CPU.ActiveCfg = Debug|Any CPU
		{6A95F73B-7AF6-495C-851C-525C318FB388}.Debug|Any CPU.Build.0 = Debug|Any CPU
		{6A95F73B-7AF6-495C-851C-525C318FB388}.Release|Any CPU.ActiveCfg = Release|Any CPU
		{6A95F73B-7AF6-495C-851C-525C318FB388}.Release|Any CPU.Build.0 = Release|Any CPU
		{655B7747-E6B3-4E9B-B93C-7794A5F82468}.Debug|Any CPU.ActiveCfg = Debug|Any CPU
		{655B7747-E6B3-4E9B-B93C-7794A5F82468}.Debug|Any CPU.Build.0 = Debug|Any CPU
		{655B7747-E6B3-4E9B-B93C-7794A5F82468}.Release|Any CPU.ActiveCfg = Release|Any CPU
		{655B7747-E6B3-4E9B-B93C-7794A5F82468}.Release|Any CPU.Build.0 = Release|Any CPU
		{1A078ACD-6485-4C60-8443-1B139B7A13EB}.Debug|Any CPU.ActiveCfg = Debug|Any CPU
		{1A078ACD-6485-4C60-8443-1B139B7A13EB}.Debug|Any CPU.Build.0 = Debug|Any CPU
		{1A078ACD-6485-4C60-8443-1B139B7A13EB}.Release|Any CPU.ActiveCfg = Release|Any CPU
		{1A078ACD-6485-4C60-8443-1B139B7A13EB}.Release|Any CPU.Build.0 = Release|Any CPU
	EndGlobalSection
	GlobalSection(SolutionProperties) = preSolution
		HideSolutionNode = FALSE
	EndGlobalSection
	GlobalSection(NestedProjects) = preSolution
		{6A95F73B-7AF6-495C-851C-525C318FB388} = {A710521F-E030-4BAA-B7BA-F4170B865056}
		{655B7747-E6B3-4E9B-B93C-7794A5F82468} = {FC920B14-FF5D-43CD-A76C-1C176FB07529}
		{1A078ACD-6485-4C60-8443-1B139B7A13EB} = {FC920B14-FF5D-43CD-A76C-1C176FB07529}
	EndGlobalSection
	GlobalSection(ExtensibilityGlobals) = postSolution
		SolutionGuid = {30DAD012-98F7-414E-98AB-9C12308E268D}
	EndGlobalSection
EndGlobal
