
Microsoft Visual Studio Solution File, Format Version 12.00
# Visual Studio Version 17
VisualStudioVersion = 17.8.34330.188
MinimumVisualStudioVersion = 10.0.40219.1
Project("{2150E333-8FDC-42A3-9474-1A3956D46DE8}") = "Lesson1", "Lesson1", "{A710521F-E030-4BAA-B7BA-F4170B865056}"
EndProject
Project("{9A19103F-16F7-4668-BE54-9A1E7A4F7556}") = "ConsoleApp1", "Lesson1\ConsoleApp1\ConsoleApp1.csproj", "{6A95F73B-7AF6-495C-851C-525C318FB388}"
EndProject
Project("{2150E333-8FDC-42A3-9474-1A3956D46DE8}") = "Lesson10", "Lesson10", "{D5236BBA-1A78-407F-B53A-4484BE74A3FB}"
EndProject
Project("{FAE04EC0-301F-11D3-BF4B-00C04F79EFBC}") = "LearnOOP3", "Lesson10\LearnOOP3\LearnOOP3.csproj", "{C86D0BE1-B3E9-427E-AC7A-9FC4F578F32F}"
EndProject
Global
	GlobalSection(SolutionConfigurationPlatforms) = preSolution
		Debug|Any CPU = Debug|Any CPU
		Release|Any CPU = Release|Any CPU
	EndGlobalSection
	GlobalSection(ProjectConfigurationPlatforms) = postSolution
		{6A95F73B-7AF6-495C-851C-525C318FB388}.Debug|Any CPU.ActiveCfg = Debug|Any CPU
		{6A95F73B-7AF6-495C-851C-525C318FB388}.Debug|Any CPU.Build.0 = Debug|Any CPU
		{6A95F73B-7AF6-495C-851C-525C318FB388}.Release|Any CPU.ActiveCfg = Release|Any CPU
		{6A95F73B-7AF6-495C-851C-525C318FB388}.Release|Any CPU.Build.0 = Release|Any CPU
		{C86D0BE1-B3E9-427E-AC7A-9FC4F578F32F}.Debug|Any CPU.ActiveCfg = Debug|Any CPU
		{C86D0BE1-B3E9-427E-AC7A-9FC4F578F32F}.Debug|Any CPU.Build.0 = Debug|Any CPU
		{C86D0BE1-B3E9-427E-AC7A-9FC4F578F32F}.Release|Any CPU.ActiveCfg = Release|Any CPU
		{C86D0BE1-B3E9-427E-AC7A-9FC4F578F32F}.Release|Any CPU.Build.0 = Release|Any CPU
	EndGlobalSection
	GlobalSection(SolutionProperties) = preSolution
		HideSolutionNode = FALSE
	EndGlobalSection
	GlobalSection(NestedProjects) = preSolution
		{6A95F73B-7AF6-495C-851C-525C318FB388} = {A710521F-E030-4BAA-B7BA-F4170B865056}
		{C86D0BE1-B3E9-427E-AC7A-9FC4F578F32F} = {D5236BBA-1A78-407F-B53A-4484BE74A3FB}
	EndGlobalSection
	GlobalSection(ExtensibilityGlobals) = postSolution
		SolutionGuid = {30DAD012-98F7-414E-98AB-9C12308E268D}
	EndGlobalSection
EndGlobal
